
Microsoft Visual Studio Solution File, Format Version 12.00
# Visual Studio Version 16
VisualStudioVersion = 16.0.31515.178
MinimumVisualStudioVersion = 10.0.40219.1
Project("{FAE04EC0-301F-11D3-BF4B-00C04F79EFBC}") = "MICalculadora", "MICalculadora\MICalculadora.csproj", "{B7C998C4-77C6-4EC2-9625-5F83A480E7E5}"
EndProject
Project("{FAE04EC0-301F-11D3-BF4B-00C04F79EFBC}") = "Entidades", "EntidadesC\Entidades.csproj", "{75C1550E-19AA-4708-91C2-0EE730598EA5}"
EndProject
Global
	GlobalSection(SolutionConfigurationPlatforms) = preSolution
		Debug|Any CPU = Debug|Any CPU
		Release|Any CPU = Release|Any CPU
	EndGlobalSection
	GlobalSection(ProjectConfigurationPlatforms) = postSolution
		{B7C998C4-77C6-4EC2-9625-5F83A480E7E5}.Debug|Any CPU.ActiveCfg = Debug|Any CPU
		{B7C998C4-77C6-4EC2-9625-5F83A480E7E5}.Debug|Any CPU.Build.0 = Debug|Any CPU
		{B7C998C4-77C6-4EC2-9625-5F83A480E7E5}.Release|Any CPU.ActiveCfg = Release|Any CPU
		{B7C998C4-77C6-4EC2-9625-5F83A480E7E5}.Release|Any CPU.Build.0 = Release|Any CPU
		{75C1550E-19AA-4708-91C2-0EE730598EA5}.Debug|Any CPU.ActiveCfg = Debug|Any CPU
		{75C1550E-19AA-4708-91C2-0EE730598EA5}.Debug|Any CPU.Build.0 = Debug|Any CPU
		{75C1550E-19AA-4708-91C2-0EE730598EA5}.Release|Any CPU.ActiveCfg = Release|Any CPU
		{75C1550E-19AA-4708-91C2-0EE730598EA5}.Release|Any CPU.Build.0 = Release|Any CPU
	EndGlobalSection
	GlobalSection(SolutionProperties) = preSolution
		HideSolutionNode = FALSE
	EndGlobalSection
	GlobalSection(ExtensibilityGlobals) = postSolution
		SolutionGuid = {D4F1FA01-C7B3-469A-9547-4E4CFEEFCB1F}
	EndGlobalSection
EndGlobal
